# Prisma Migrate lockfile v1

20200712220410-initial
20200718022448-2
20200807022435-3
20200817060942-4
20200817064435-4
20200906101600-add-token-registry
20200914144237-remove-metadata-from-header
20201022120618-add-slash-to-block-model
20201022135429-add-slash-model
20201022142906-add-execute-tx-field-to-slash-model
20201025112802-add-tracker-model
20201112160610-fix-model-name
20201112200707-remove-unused-fields